
Microsoft Visual Studio Solution File, Format Version 12.00
# Visual Studio 2013
VisualStudioVersion = 12.0.30723.0
MinimumVisualStudioVersion = 10.0.40219.1
Project("{FAE04EC0-301F-11D3-BF4B-00C04F79EFBC}") = "Simhopp", "Simhopp\Simhopp.csproj", "{BB06C865-A7DA-4CA5-BE0A-2DF168AC52CD}"
EndProject
Project("{FAE04EC0-301F-11D3-BF4B-00C04F79EFBC}") = "Test-Simhopp", "Test-Simhopp\Test-Simhopp.csproj", "{C30DE9B9-08FE-41E1-A61C-4761B53BA085}"
EndProject
Project("{FAE04EC0-301F-11D3-BF4B-00C04F79EFBC}") = "Test", "Test\Test.csproj", "{083DC1C8-7D5D-4653-80B6-B806B69F05FC}"
EndProject
Global
	GlobalSection(SubversionScc) = preSolution
		Svn-Managed = True
		Manager = AnkhSVN - Subversion Support for Visual Studio
	EndGlobalSection
	GlobalSection(SolutionConfigurationPlatforms) = preSolution
		Debug|Any CPU = Debug|Any CPU
		Release|Any CPU = Release|Any CPU
	EndGlobalSection
	GlobalSection(ProjectConfigurationPlatforms) = postSolution
		{BB06C865-A7DA-4CA5-BE0A-2DF168AC52CD}.Debug|Any CPU.ActiveCfg = Debug|Any CPU
		{BB06C865-A7DA-4CA5-BE0A-2DF168AC52CD}.Debug|Any CPU.Build.0 = Debug|Any CPU
		{BB06C865-A7DA-4CA5-BE0A-2DF168AC52CD}.Release|Any CPU.ActiveCfg = Release|Any CPU
		{BB06C865-A7DA-4CA5-BE0A-2DF168AC52CD}.Release|Any CPU.Build.0 = Release|Any CPU
		{C30DE9B9-08FE-41E1-A61C-4761B53BA085}.Debug|Any CPU.ActiveCfg = Debug|Any CPU
		{C30DE9B9-08FE-41E1-A61C-4761B53BA085}.Debug|Any CPU.Build.0 = Debug|Any CPU
		{C30DE9B9-08FE-41E1-A61C-4761B53BA085}.Release|Any CPU.ActiveCfg = Release|Any CPU
		{C30DE9B9-08FE-41E1-A61C-4761B53BA085}.Release|Any CPU.Build.0 = Release|Any CPU
		{083DC1C8-7D5D-4653-80B6-B806B69F05FC}.Debug|Any CPU.ActiveCfg = Debug|Any CPU
		{083DC1C8-7D5D-4653-80B6-B806B69F05FC}.Debug|Any CPU.Build.0 = Debug|Any CPU
		{083DC1C8-7D5D-4653-80B6-B806B69F05FC}.Release|Any CPU.ActiveCfg = Release|Any CPU
		{083DC1C8-7D5D-4653-80B6-B806B69F05FC}.Release|Any CPU.Build.0 = Release|Any CPU
	EndGlobalSection
	GlobalSection(SolutionProperties) = preSolution
		HideSolutionNode = FALSE
	EndGlobalSection
EndGlobal
